
Microsoft Visual Studio Solution File, Format Version 12.00
# Visual Studio Version 17
VisualStudioVersion = 17.5.33424.131
MinimumVisualStudioVersion = 10.0.40219.1
Project("{FAE04EC0-301F-11D3-BF4B-00C04F79EFBC}") = "ClubeDaLeitura", "ClubeDaLeitura\ClubeDaLeitura.csproj", "{F4D432EC-1923-49AF-8360-39D52B4A2AEA}"
EndProject
Global
	GlobalSection(SolutionConfigurationPlatforms) = preSolution
		Debug|Any CPU = Debug|Any CPU
		Release|Any CPU = Release|Any CPU
	EndGlobalSection
	GlobalSection(ProjectConfigurationPlatforms) = postSolution
		{F4D432EC-1923-49AF-8360-39D52B4A2AEA}.Debug|Any CPU.ActiveCfg = Debug|Any CPU
		{F4D432EC-1923-49AF-8360-39D52B4A2AEA}.Debug|Any CPU.Build.0 = Debug|Any CPU
		{F4D432EC-1923-49AF-8360-39D52B4A2AEA}.Release|Any CPU.ActiveCfg = Release|Any CPU
		{F4D432EC-1923-49AF-8360-39D52B4A2AEA}.Release|Any CPU.Build.0 = Release|Any CPU
	EndGlobalSection
	GlobalSection(SolutionProperties) = preSolution
		HideSolutionNode = FALSE
	EndGlobalSection
	GlobalSection(ExtensibilityGlobals) = postSolution
		SolutionGuid = {DA0145E6-18C9-4593-BF42-3D24BF947770}
	EndGlobalSection
EndGlobal
